
Microsoft Visual Studio Solution File, Format Version 12.00
# Visual Studio 15
VisualStudioVersion = 15.0.28307.1082
MinimumVisualStudioVersion = 10.0.40219.1
Project("{9A19103F-16F7-4668-BE54-9A1E7A4F7556}") = "KeLuoPlatform.API", "KeLuoPlatform\KeLuoPlatform.API.csproj", "{3962A418-D327-4525-94A1-1BE357E47126}"
EndProject
Project("{9A19103F-16F7-4668-BE54-9A1E7A4F7556}") = "KeLuoPlatform.Common", "Common\KeLuoPlatform.Common.csproj", "{40B52B65-25A4-404F-A820-F47A888EC686}"
EndProject
Project("{9A19103F-16F7-4668-BE54-9A1E7A4F7556}") = "KeLuoPlatform.Service", "KeLuoPlatform.Service\KeLuoPlatform.Service.csproj", "{6814E97F-E7D5-49D4-AC8A-AD4E35B1A4AB}"
EndProject
Global
	GlobalSection(SolutionConfigurationPlatforms) = preSolution
		Debug|Any CPU = Debug|Any CPU
		Release|Any CPU = Release|Any CPU
	EndGlobalSection
	GlobalSection(ProjectConfigurationPlatforms) = postSolution
		{3962A418-D327-4525-94A1-1BE357E47126}.Debug|Any CPU.ActiveCfg = Debug|Any CPU
		{3962A418-D327-4525-94A1-1BE357E47126}.Debug|Any CPU.Build.0 = Debug|Any CPU
		{3962A418-D327-4525-94A1-1BE357E47126}.Release|Any CPU.ActiveCfg = Release|Any CPU
		{3962A418-D327-4525-94A1-1BE357E47126}.Release|Any CPU.Build.0 = Release|Any CPU
		{40B52B65-25A4-404F-A820-F47A888EC686}.Debug|Any CPU.ActiveCfg = Debug|Any CPU
		{40B52B65-25A4-404F-A820-F47A888EC686}.Debug|Any CPU.Build.0 = Debug|Any CPU
		{40B52B65-25A4-404F-A820-F47A888EC686}.Release|Any CPU.ActiveCfg = Release|Any CPU
		{40B52B65-25A4-404F-A820-F47A888EC686}.Release|Any CPU.Build.0 = Release|Any CPU
		{6814E97F-E7D5-49D4-AC8A-AD4E35B1A4AB}.Debug|Any CPU.ActiveCfg = Debug|Any CPU
		{6814E97F-E7D5-49D4-AC8A-AD4E35B1A4AB}.Debug|Any CPU.Build.0 = Debug|Any CPU
		{6814E97F-E7D5-49D4-AC8A-AD4E35B1A4AB}.Release|Any CPU.ActiveCfg = Release|Any CPU
		{6814E97F-E7D5-49D4-AC8A-AD4E35B1A4AB}.Release|Any CPU.Build.0 = Release|Any CPU
	EndGlobalSection
	GlobalSection(SolutionProperties) = preSolution
		HideSolutionNode = FALSE
	EndGlobalSection
	GlobalSection(ExtensibilityGlobals) = postSolution
		SolutionGuid = {16BFA4FD-3915-4A0A-9DC2-67CE2B84FAB9}
	EndGlobalSection
EndGlobal
